
Microsoft Visual Studio Solution File, Format Version 12.00
# Visual Studio Version 17
VisualStudioVersion = 17.2.32505.173
MinimumVisualStudioVersion = 10.0.40219.1
Project("{FAE04EC0-301F-11D3-BF4B-00C04F79EFBC}") = "PalindromeTDD", "PalindromeTDD\PalindromeTDD.csproj", "{5B1EEB29-0C57-4AE9-9E43-BBEDA4BA9939}"
EndProject
Project("{FAE04EC0-301F-11D3-BF4B-00C04F79EFBC}") = "PalindromeTDDUnitTest", "PalindromeTDDUnitTest\PalindromeTDDUnitTest.csproj", "{0062E817-302E-45D0-B573-2C23A7953F2B}"
EndProject
Global
	GlobalSection(SolutionConfigurationPlatforms) = preSolution
		Debug|Any CPU = Debug|Any CPU
		Release|Any CPU = Release|Any CPU
	EndGlobalSection
	GlobalSection(ProjectConfigurationPlatforms) = postSolution
		{5B1EEB29-0C57-4AE9-9E43-BBEDA4BA9939}.Debug|Any CPU.ActiveCfg = Debug|Any CPU
		{5B1EEB29-0C57-4AE9-9E43-BBEDA4BA9939}.Debug|Any CPU.Build.0 = Debug|Any CPU
		{5B1EEB29-0C57-4AE9-9E43-BBEDA4BA9939}.Release|Any CPU.ActiveCfg = Release|Any CPU
		{5B1EEB29-0C57-4AE9-9E43-BBEDA4BA9939}.Release|Any CPU.Build.0 = Release|Any CPU
		{0062E817-302E-45D0-B573-2C23A7953F2B}.Debug|Any CPU.ActiveCfg = Debug|Any CPU
		{0062E817-302E-45D0-B573-2C23A7953F2B}.Debug|Any CPU.Build.0 = Debug|Any CPU
		{0062E817-302E-45D0-B573-2C23A7953F2B}.Release|Any CPU.ActiveCfg = Release|Any CPU
		{0062E817-302E-45D0-B573-2C23A7953F2B}.Release|Any CPU.Build.0 = Release|Any CPU
	EndGlobalSection
	GlobalSection(SolutionProperties) = preSolution
		HideSolutionNode = FALSE
	EndGlobalSection
	GlobalSection(ExtensibilityGlobals) = postSolution
		SolutionGuid = {1D36FEC1-959A-42AA-BD6F-29B1151F3818}
	EndGlobalSection
EndGlobal
